
Microsoft Visual Studio Solution File, Format Version 12.00
# Visual Studio Version 16
VisualStudioVersion = 16.6.30114.105
MinimumVisualStudioVersion = 10.0.40219.1
Project("{9A19103F-16F7-4668-BE54-9A1E7A4F7556}") = "HuntBot.Application", "src\HuntBot.Application\HuntBot.Application.csproj", "{141F2447-0062-4400-9BBC-3F97B1450DF5}"
EndProject
Project("{9A19103F-16F7-4668-BE54-9A1E7A4F7556}") = "HuntBot.Domain", "src\HuntBot.Domain\HuntBot.Domain.csproj", "{9745A8F3-E53C-4C85-9BD7-EB5B27F88FBA}"
EndProject
Project("{9A19103F-16F7-4668-BE54-9A1E7A4F7556}") = "HuntBot.Infrastructure", "src\HuntBot.Infrastructure\HuntBot.Infrastructure.csproj", "{0514D648-ACDB-43E1-9593-4E377B365062}"
EndProject
Project("{9A19103F-16F7-4668-BE54-9A1E7A4F7556}") = "HuntBot.Tests", "src\HuntBot.Tests\HuntBot.Tests.csproj", "{0DFABCC1-FAA5-436D-88C8-65E56F646302}"
EndProject
Project("{9A19103F-16F7-4668-BE54-9A1E7A4F7556}") = "HuntBot.UI", "src\HuntBot.UI\HuntBot.UI.csproj", "{3055F85D-41D0-4104-AD8A-64D66643499F}"
EndProject
Global
	GlobalSection(SolutionConfigurationPlatforms) = preSolution
		Debug|Any CPU = Debug|Any CPU
		Debug|x64 = Debug|x64
		Debug|x86 = Debug|x86
		Release|Any CPU = Release|Any CPU
		Release|x64 = Release|x64
		Release|x86 = Release|x86
	EndGlobalSection
	GlobalSection(ProjectConfigurationPlatforms) = postSolution
		{141F2447-0062-4400-9BBC-3F97B1450DF5}.Debug|Any CPU.ActiveCfg = Debug|Any CPU
		{141F2447-0062-4400-9BBC-3F97B1450DF5}.Debug|Any CPU.Build.0 = Debug|Any CPU
		{141F2447-0062-4400-9BBC-3F97B1450DF5}.Debug|x64.ActiveCfg = Debug|Any CPU
		{141F2447-0062-4400-9BBC-3F97B1450DF5}.Debug|x64.Build.0 = Debug|Any CPU
		{141F2447-0062-4400-9BBC-3F97B1450DF5}.Debug|x86.ActiveCfg = Debug|Any CPU
		{141F2447-0062-4400-9BBC-3F97B1450DF5}.Debug|x86.Build.0 = Debug|Any CPU
		{141F2447-0062-4400-9BBC-3F97B1450DF5}.Release|Any CPU.ActiveCfg = Release|Any CPU
		{141F2447-0062-4400-9BBC-3F97B1450DF5}.Release|Any CPU.Build.0 = Release|Any CPU
		{141F2447-0062-4400-9BBC-3F97B1450DF5}.Release|x64.ActiveCfg = Release|Any CPU
		{141F2447-0062-4400-9BBC-3F97B1450DF5}.Release|x64.Build.0 = Release|Any CPU
		{141F2447-0062-4400-9BBC-3F97B1450DF5}.Release|x86.ActiveCfg = Release|Any CPU
		{141F2447-0062-4400-9BBC-3F97B1450DF5}.Release|x86.Build.0 = Release|Any CPU
		{9745A8F3-E53C-4C85-9BD7-EB5B27F88FBA}.Debug|Any CPU.ActiveCfg = Debug|Any CPU
		{9745A8F3-E53C-4C85-9BD7-EB5B27F88FBA}.Debug|Any CPU.Build.0 = Debug|Any CPU
		{9745A8F3-E53C-4C85-9BD7-EB5B27F88FBA}.Debug|x64.ActiveCfg = Debug|Any CPU
		{9745A8F3-E53C-4C85-9BD7-EB5B27F88FBA}.Debug|x64.Build.0 = Debug|Any CPU
		{9745A8F3-E53C-4C85-9BD7-EB5B27F88FBA}.Debug|x86.ActiveCfg = Debug|Any CPU
		{9745A8F3-E53C-4C85-9BD7-EB5B27F88FBA}.Debug|x86.Build.0 = Debug|Any CPU
		{9745A8F3-E53C-4C85-9BD7-EB5B27F88FBA}.Release|Any CPU.ActiveCfg = Release|Any CPU
		{9745A8F3-E53C-4C85-9BD7-EB5B27F88FBA}.Release|Any CPU.Build.0 = Release|Any CPU
		{9745A8F3-E53C-4C85-9BD7-EB5B27F88FBA}.Release|x64.ActiveCfg = Release|Any CPU
		{9745A8F3-E53C-4C85-9BD7-EB5B27F88FBA}.Release|x64.Build.0 = Release|Any CPU
		{9745A8F3-E53C-4C85-9BD7-EB5B27F88FBA}.Release|x86.ActiveCfg = Release|Any CPU
		{9745A8F3-E53C-4C85-9BD7-EB5B27F88FBA}.Release|x86.Build.0 = Release|Any CPU
		{0514D648-ACDB-43E1-9593-4E377B365062}.Debug|Any CPU.ActiveCfg = Debug|Any CPU
		{0514D648-ACDB-43E1-9593-4E377B365062}.Debug|Any CPU.Build.0 = Debug|Any CPU
		{0514D648-ACDB-43E1-9593-4E377B365062}.Debug|x64.ActiveCfg = Debug|Any CPU
		{0514D648-ACDB-43E1-9593-4E377B365062}.Debug|x64.Build.0 = Debug|Any CPU
		{0514D648-ACDB-43E1-9593-4E377B365062}.Debug|x86.ActiveCfg = Debug|Any CPU
		{0514D648-ACDB-43E1-9593-4E377B365062}.Debug|x86.Build.0 = Debug|Any CPU
		{0514D648-ACDB-43E1-9593-4E377B365062}.Release|Any CPU.ActiveCfg = Release|Any CPU
		{0514D648-ACDB-43E1-9593-4E377B365062}.Release|Any CPU.Build.0 = Release|Any CPU
		{0514D648-ACDB-43E1-9593-4E377B365062}.Release|x64.ActiveCfg = Release|Any CPU
		{0514D648-ACDB-43E1-9593-4E377B365062}.Release|x64.Build.0 = Release|Any CPU
		{0514D648-ACDB-43E1-9593-4E377B365062}.Release|x86.ActiveCfg = Release|Any CPU
		{0514D648-ACDB-43E1-9593-4E377B365062}.Release|x86.Build.0 = Release|Any CPU
		{0DFABCC1-FAA5-436D-88C8-65E56F646302}.Debug|Any CPU.ActiveCfg = Debug|Any CPU
		{0DFABCC1-FAA5-436D-88C8-65E56F646302}.Debug|Any CPU.Build.0 = Debug|Any CPU
		{0DFABCC1-FAA5-436D-88C8-65E56F646302}.Debug|x64.ActiveCfg = Debug|Any CPU
		{0DFABCC1-FAA5-436D-88C8-65E56F646302}.Debug|x64.Build.0 = Debug|Any CPU
		{0DFABCC1-FAA5-436D-88C8-65E56F646302}.Debug|x86.ActiveCfg = Debug|Any CPU
		{0DFABCC1-FAA5-436D-88C8-65E56F646302}.Debug|x86.Build.0 = Debug|Any CPU
		{0DFABCC1-FAA5-436D-88C8-65E56F646302}.Release|Any CPU.ActiveCfg = Release|Any CPU
		{0DFABCC1-FAA5-436D-88C8-65E56F646302}.Release|Any CPU.Build.0 = Release|Any CPU
		{0DFABCC1-FAA5-436D-88C8-65E56F646302}.Release|x64.ActiveCfg = Release|Any CPU
		{0DFABCC1-FAA5-436D-88C8-65E56F646302}.Release|x64.Build.0 = Release|Any CPU
		{0DFABCC1-FAA5-436D-88C8-65E56F646302}.Release|x86.ActiveCfg = Release|Any CPU
		{0DFABCC1-FAA5-436D-88C8-65E56F646302}.Release|x86.Build.0 = Release|Any CPU
		{3055F85D-41D0-4104-AD8A-64D66643499F}.Debug|Any CPU.ActiveCfg = Debug|Any CPU
		{3055F85D-41D0-4104-AD8A-64D66643499F}.Debug|Any CPU.Build.0 = Debug|Any CPU
		{3055F85D-41D0-4104-AD8A-64D66643499F}.Debug|x64.ActiveCfg = Debug|Any CPU
		{3055F85D-41D0-4104-AD8A-64D66643499F}.Debug|x64.Build.0 = Debug|Any CPU
		{3055F85D-41D0-4104-AD8A-64D66643499F}.Debug|x86.ActiveCfg = Debug|Any CPU
		{3055F85D-41D0-4104-AD8A-64D66643499F}.Debug|x86.Build.0 = Debug|Any CPU
		{3055F85D-41D0-4104-AD8A-64D66643499F}.Release|Any CPU.ActiveCfg = Release|Any CPU
		{3055F85D-41D0-4104-AD8A-64D66643499F}.Release|Any CPU.Build.0 = Release|Any CPU
		{3055F85D-41D0-4104-AD8A-64D66643499F}.Release|x64.ActiveCfg = Release|Any CPU
		{3055F85D-41D0-4104-AD8A-64D66643499F}.Release|x64.Build.0 = Release|Any CPU
		{3055F85D-41D0-4104-AD8A-64D66643499F}.Release|x86.ActiveCfg = Release|Any CPU
		{3055F85D-41D0-4104-AD8A-64D66643499F}.Release|x86.Build.0 = Release|Any CPU
	EndGlobalSection
	GlobalSection(SolutionProperties) = preSolution
		HideSolutionNode = FALSE
	EndGlobalSection
	GlobalSection(ExtensibilityGlobals) = postSolution
		SolutionGuid = {7212213C-A377-4CEA-8995-B81026A655C9}
	EndGlobalSection
EndGlobal
